
Microsoft Visual Studio Solution File, Format Version 12.00
# Visual Studio Version 17
VisualStudioVersion = 17.4.33213.308
MinimumVisualStudioVersion = 10.0.40219.1
Project("{FAE04EC0-301F-11D3-BF4B-00C04F79EFBC}") = "WindowsFormsApp8", "WindowsFormsApp8.csproj", "{7FDAC432-EDEE-42B1-B6C5-76BD399B8ABE}"
EndProject
Global
	GlobalSection(SolutionConfigurationPlatforms) = preSolution
		Debug|Any CPU = Debug|Any CPU
		Release|Any CPU = Release|Any CPU
	EndGlobalSection
	GlobalSection(ProjectConfigurationPlatforms) = postSolution
		{7FDAC432-EDEE-42B1-B6C5-76BD399B8ABE}.Debug|Any CPU.ActiveCfg = Debug|Any CPU
		{7FDAC432-EDEE-42B1-B6C5-76BD399B8ABE}.Debug|Any CPU.Build.0 = Debug|Any CPU
		{7FDAC432-EDEE-42B1-B6C5-76BD399B8ABE}.Release|Any CPU.ActiveCfg = Release|Any CPU
		{7FDAC432-EDEE-42B1-B6C5-76BD399B8ABE}.Release|Any CPU.Build.0 = Release|Any CPU
	EndGlobalSection
	GlobalSection(SolutionProperties) = preSolution
		HideSolutionNode = FALSE
	EndGlobalSection
	GlobalSection(ExtensibilityGlobals) = postSolution
		SolutionGuid = {17696E24-9718-4C77-B5B0-38CDE2AAEB8F}
	EndGlobalSection
EndGlobal
