
Microsoft Visual Studio Solution File, Format Version 12.00
# Visual Studio Version 17
VisualStudioVersion = 17.4.33213.308
MinimumVisualStudioVersion = 10.0.40219.1
Project("{FAE04EC0-301F-11D3-BF4B-00C04F79EFBC}") = "PingPong", "PingPong.csproj", "{3BFFCF5D-BF7D-483B-B86A-B05C2F3418FC}"
EndProject
Global
	GlobalSection(SolutionConfigurationPlatforms) = preSolution
		Debug|Any CPU = Debug|Any CPU
		Release|Any CPU = Release|Any CPU
	EndGlobalSection
	GlobalSection(ProjectConfigurationPlatforms) = postSolution
		{3BFFCF5D-BF7D-483B-B86A-B05C2F3418FC}.Debug|Any CPU.ActiveCfg = Debug|Any CPU
		{3BFFCF5D-BF7D-483B-B86A-B05C2F3418FC}.Debug|Any CPU.Build.0 = Debug|Any CPU
		{3BFFCF5D-BF7D-483B-B86A-B05C2F3418FC}.Release|Any CPU.ActiveCfg = Release|Any CPU
		{3BFFCF5D-BF7D-483B-B86A-B05C2F3418FC}.Release|Any CPU.Build.0 = Release|Any CPU
	EndGlobalSection
	GlobalSection(SolutionProperties) = preSolution
		HideSolutionNode = FALSE
	EndGlobalSection
	GlobalSection(ExtensibilityGlobals) = postSolution
		SolutionGuid = {14D61817-053F-4EC3-B42C-FE18FF04AF53}
	EndGlobalSection
EndGlobal
